// !$*UTF8*$!
{
	archiveVersion = 1;
	classes = {
	};
	objectVersion = 51;
	objects = {

/* Begin PBXBuildFile section */
		307728427A8305C90A00BE0A /* Pods_Today_List.framework in Frameworks */ = {isa = PBXBuildFile; fileRef = C04EC5D831668797FC721CDD /* Pods_Today_List.framework */; };
		CD13B71E24BE2F4000AC0968 /* AppDelegate.swift in Sources */ = {isa = PBXBuildFile; fileRef = CD13B71D24BE2F4000AC0968 /* AppDelegate.swift */; };
		CD13B72024BE2F4000AC0968 /* SceneDelegate.swift in Sources */ = {isa = PBXBuildFile; fileRef = CD13B71F24BE2F4000AC0968 /* SceneDelegate.swift */; };
		CD13B72524BE2F4000AC0968 /* Main.storyboard in Resources */ = {isa = PBXBuildFile; fileRef = CD13B72324BE2F4000AC0968 /* Main.storyboard */; };
		CD13B72A24BE2F4100AC0968 /* Assets.xcassets in Resources */ = {isa = PBXBuildFile; fileRef = CD13B72924BE2F4100AC0968 /* Assets.xcassets */; };
		CD13B72D24BE2F4100AC0968 /* LaunchScreen.storyboard in Resources */ = {isa = PBXBuildFile; fileRef = CD13B72B24BE2F4100AC0968 /* LaunchScreen.storyboard */; };
		CD13B73824BE318700AC0968 /* ListToDOTableViewController.swift in Sources */ = {isa = PBXBuildFile; fileRef = CD13B73724BE318700AC0968 /* ListToDOTableViewController.swift */; };
		CD13B73A24BF734800AC0968 /* TypeOfItemTableViewController.swift in Sources */ = {isa = PBXBuildFile; fileRef = CD13B73924BF734800AC0968 /* TypeOfItemTableViewController.swift */; };
		CD3ADB1D24CA51CE0086955A /* CatageoryType.swift in Sources */ = {isa = PBXBuildFile; fileRef = CD3ADB1C24CA51CE0086955A /* CatageoryType.swift */; };
		CD3ADB1F24CA51ED0086955A /* ListToDO.swift in Sources */ = {isa = PBXBuildFile; fileRef = CD3ADB1E24CA51ED0086955A /* ListToDO.swift */; };
		CD66992224D62F11007BC2C9 /* FInderViewController.swift in Sources */ = {isa = PBXBuildFile; fileRef = CD66992124D62F11007BC2C9 /* FInderViewController.swift */; };
		CD66992424D62F36007BC2C9 /* MainViewController.swift in Sources */ = {isa = PBXBuildFile; fileRef = CD66992324D62F36007BC2C9 /* MainViewController.swift */; };
		CD66992624D64F3E007BC2C9 /* Inceptionv3.mlmodel in Sources */ = {isa = PBXBuildFile; fileRef = CD66992524D64F3E007BC2C9 /* Inceptionv3.mlmodel */; };
		CDFAB65524C536330007E2C6 /* SwipeViewTableViewController.swift in Sources */ = {isa = PBXBuildFile; fileRef = CDFAB65424C536330007E2C6 /* SwipeViewTableViewController.swift */; };
/* End PBXBuildFile section */

/* Begin PBXFileReference section */
		48E822CB44956EA1CE6E55EE /* Pods-Today List.release.xcconfig */ = {isa = PBXFileReference; includeInIndex = 1; lastKnownFileType = text.xcconfig; name = "Pods-Today List.release.xcconfig"; path = "Target Support Files/Pods-Today List/Pods-Today List.release.xcconfig"; sourceTree = "<group>"; };
		C04EC5D831668797FC721CDD /* Pods_Today_List.framework */ = {isa = PBXFileReference; explicitFileType = wrapper.framework; includeInIndex = 0; path = Pods_Today_List.framework; sourceTree = BUILT_PRODUCTS_DIR; };
		CD13B71A24BE2F4000AC0968 /* Today List.app */ = {isa = PBXFileReference; explicitFileType = wrapper.application; includeInIndex = 0; path = "Today List.app"; sourceTree = BUILT_PRODUCTS_DIR; };
		CD13B71D24BE2F4000AC0968 /* AppDelegate.swift */ = {isa = PBXFileReference; lastKnownFileType = sourcecode.swift; path = AppDelegate.swift; sourceTree = "<group>"; };
		CD13B71F24BE2F4000AC0968 /* SceneDelegate.swift */ = {isa = PBXFileReference; lastKnownFileType = sourcecode.swift; path = SceneDelegate.swift; sourceTree = "<group>"; };
		CD13B72424BE2F4000AC0968 /* Base */ = {isa = PBXFileReference; lastKnownFileType = file.storyboard; name = Base; path = Base.lproj/Main.storyboard; sourceTree = "<group>"; };
		CD13B72924BE2F4100AC0968 /* Assets.xcassets */ = {isa = PBXFileReference; lastKnownFileType = folder.assetcatalog; path = Assets.xcassets; sourceTree = "<group>"; };
		CD13B72C24BE2F4100AC0968 /* Base */ = {isa = PBXFileReference; lastKnownFileType = file.storyboard; name = Base; path = Base.lproj/LaunchScreen.storyboard; sourceTree = "<group>"; };
		CD13B72E24BE2F4100AC0968 /* Info.plist */ = {isa = PBXFileReference; lastKnownFileType = text.plist.xml; path = Info.plist; sourceTree = "<group>"; };
		CD13B73724BE318700AC0968 /* ListToDOTableViewController.swift */ = {isa = PBXFileReference; lastKnownFileType = sourcecode.swift; path = ListToDOTableViewController.swift; sourceTree = "<group>"; };
		CD13B73924BF734800AC0968 /* TypeOfItemTableViewController.swift */ = {isa = PBXFileReference; lastKnownFileType = sourcecode.swift; path = TypeOfItemTableViewController.swift; sourceTree = "<group>"; };
		CD3ADB1C24CA51CE0086955A /* CatageoryType.swift */ = {isa = PBXFileReference; lastKnownFileType = sourcecode.swift; path = CatageoryType.swift; sourceTree = "<group>"; };
		CD3ADB1E24CA51ED0086955A /* ListToDO.swift */ = {isa = PBXFileReference; lastKnownFileType = sourcecode.swift; path = ListToDO.swift; sourceTree = "<group>"; };
		CD66992124D62F11007BC2C9 /* FInderViewController.swift */ = {isa = PBXFileReference; lastKnownFileType = sourcecode.swift; path = FInderViewController.swift; sourceTree = "<group>"; };
		CD66992324D62F36007BC2C9 /* MainViewController.swift */ = {isa = PBXFileReference; lastKnownFileType = sourcecode.swift; path = MainViewController.swift; sourceTree = "<group>"; };
		CD66992524D64F3E007BC2C9 /* Inceptionv3.mlmodel */ = {isa = PBXFileReference; lastKnownFileType = file.mlmodel; path = Inceptionv3.mlmodel; sourceTree = "<group>"; };
		CDFAB65424C536330007E2C6 /* SwipeViewTableViewController.swift */ = {isa = PBXFileReference; lastKnownFileType = sourcecode.swift; path = SwipeViewTableViewController.swift; sourceTree = "<group>"; };
		E6B7CA722B92165ECA108761 /* Pods-Today List.debug.xcconfig */ = {isa = PBXFileReference; includeInIndex = 1; lastKnownFileType = text.xcconfig; name = "Pods-Today List.debug.xcconfig"; path = "Target Support Files/Pods-Today List/Pods-Today List.debug.xcconfig"; sourceTree = "<group>"; };
/* End PBXFileReference section */

/* Begin PBXFrameworksBuildPhase section */
		CD13B71724BE2F4000AC0968 /* Frameworks */ = {
			isa = PBXFrameworksBuildPhase;
			buildActionMask = 2147483647;
			files = (
				307728427A8305C90A00BE0A /* Pods_Today_List.framework in Frameworks */,
			);
			runOnlyForDeploymentPostprocessing = 0;
		};
/* End PBXFrameworksBuildPhase section */

/* Begin PBXGroup section */
		12FDC87C01D5A47AD51D5843 /* Pods */ = {
			isa = PBXGroup;
			children = (
				E6B7CA722B92165ECA108761 /* Pods-Today List.debug.xcconfig */,
				48E822CB44956EA1CE6E55EE /* Pods-Today List.release.xcconfig */,
			);
			path = Pods;
			sourceTree = "<group>";
		};
		298B6442685E49F7B7ECE561 /* Frameworks */ = {
			isa = PBXGroup;
			children = (
				C04EC5D831668797FC721CDD /* Pods_Today_List.framework */,
			);
			name = Frameworks;
			sourceTree = "<group>";
		};
		CD13B71124BE2F4000AC0968 = {
			isa = PBXGroup;
			children = (
				CD13B71C24BE2F4000AC0968 /* Today List */,
				CD13B71B24BE2F4000AC0968 /* Products */,
				12FDC87C01D5A47AD51D5843 /* Pods */,
				298B6442685E49F7B7ECE561 /* Frameworks */,
			);
			sourceTree = "<group>";
		};
		CD13B71B24BE2F4000AC0968 /* Products */ = {
			isa = PBXGroup;
			children = (
				CD13B71A24BE2F4000AC0968 /* Today List.app */,
			);
			name = Products;
			sourceTree = "<group>";
		};
		CD13B71C24BE2F4000AC0968 /* Today List */ = {
			isa = PBXGroup;
			children = (
				CD13B71D24BE2F4000AC0968 /* AppDelegate.swift */,
				CD13B71F24BE2F4000AC0968 /* SceneDelegate.swift */,
				CD13B73524BE2F5900AC0968 /* Model */,
				CD13B73424BE2F4A00AC0968 /* View */,
				CD13B73624BE2F6300AC0968 /* Controller */,
				CD13B72924BE2F4100AC0968 /* Assets.xcassets */,
				CD13B72B24BE2F4100AC0968 /* LaunchScreen.storyboard */,
				CD13B72E24BE2F4100AC0968 /* Info.plist */,
			);
			path = "Today List";
			sourceTree = "<group>";
		};
		CD13B73424BE2F4A00AC0968 /* View */ = {
			isa = PBXGroup;
			children = (
				CD13B72324BE2F4000AC0968 /* Main.storyboard */,
				CD66992524D64F3E007BC2C9 /* Inceptionv3.mlmodel */,
			);
			path = View;
			sourceTree = "<group>";
		};
		CD13B73524BE2F5900AC0968 /* Model */ = {
			isa = PBXGroup;
			children = (
				CD3ADB1C24CA51CE0086955A /* CatageoryType.swift */,
				CD3ADB1E24CA51ED0086955A /* ListToDO.swift */,
			);
			path = Model;
			sourceTree = "<group>";
		};
		CD13B73624BE2F6300AC0968 /* Controller */ = {
			isa = PBXGroup;
			children = (
				CDFAB65424C536330007E2C6 /* SwipeViewTableViewController.swift */,
				CD13B73724BE318700AC0968 /* ListToDOTableViewController.swift */,
				CD13B73924BF734800AC0968 /* TypeOfItemTableViewController.swift */,
				CD66992124D62F11007BC2C9 /* FInderViewController.swift */,
				CD66992324D62F36007BC2C9 /* MainViewController.swift */,
			);
			path = Controller;
			sourceTree = "<group>";
		};
/* End PBXGroup section */

/* Begin PBXNativeTarget section */
		CD13B71924BE2F4000AC0968 /* Today List */ = {
			isa = PBXNativeTarget;
			buildConfigurationList = CD13B73124BE2F4100AC0968 /* Build configuration list for PBXNativeTarget "Today List" */;
			buildPhases = (
				DE66AC3436A3F7E2975132E2 /* [CP] Check Pods Manifest.lock */,
				CD13B71624BE2F4000AC0968 /* Sources */,
				CD13B71724BE2F4000AC0968 /* Frameworks */,
				CD13B71824BE2F4000AC0968 /* Resources */,
				CF29ED4ACBF9F42CE5ACD95F /* [CP] Embed Pods Frameworks */,
			);
			buildRules = (
			);
			dependencies = (
			);
			name = "Today List";
			productName = "Today List";
			productReference = CD13B71A24BE2F4000AC0968 /* Today List.app */;
			productType = "com.apple.product-type.application";
		};
/* End PBXNativeTarget section */

/* Begin PBXProject section */
		CD13B71224BE2F4000AC0968 /* Project object */ = {
			isa = PBXProject;
			attributes = {
				LastSwiftUpdateCheck = 1150;
				LastUpgradeCheck = 1150;
				ORGANIZATIONNAME = "sojo mathai";
				TargetAttributes = {
					CD13B71924BE2F4000AC0968 = {
						CreatedOnToolsVersion = 11.5;
					};
				};
			};
			buildConfigurationList = CD13B71524BE2F4000AC0968 /* Build configuration list for PBXProject "Today List" */;
			compatibilityVersion = "Xcode 9.3";
			developmentRegion = en;
			hasScannedForEncodings = 0;
			knownRegions = (
				en,
				Base,
			);
			mainGroup = CD13B71124BE2F4000AC0968;
			productRefGroup = CD13B71B24BE2F4000AC0968 /* Products */;
			projectDirPath = "";
			projectRoot = "";
			targets = (
				CD13B71924BE2F4000AC0968 /* Today List */,
			);
		};
/* End PBXProject section */

/* Begin PBXResourcesBuildPhase section */
		CD13B71824BE2F4000AC0968 /* Resources */ = {
			isa = PBXResourcesBuildPhase;
			buildActionMask = 2147483647;
			files = (
				CD13B72D24BE2F4100AC0968 /* LaunchScreen.storyboard in Resources */,
				CD13B72A24BE2F4100AC0968 /* Assets.xcassets in Resources */,
				CD13B72524BE2F4000AC0968 /* Main.storyboard in Resources */,
			);
			runOnlyForDeploymentPostprocessing = 0;
		};
/* End PBXResourcesBuildPhase section */

/* Begin PBXShellScriptBuildPhase section */
		CF29ED4ACBF9F42CE5ACD95F /* [CP] Embed Pods Frameworks */ = {
			isa = PBXShellScriptBuildPhase;
			buildActionMask = 2147483647;
			files = (
			);
			inputFileListPaths = (
				"${PODS_ROOT}/Target Support Files/Pods-Today List/Pods-Today List-frameworks-${CONFIGURATION}-input-files.xcfilelist",
			);
			name = "[CP] Embed Pods Frameworks";
			outputFileListPaths = (
				"${PODS_ROOT}/Target Support Files/Pods-Today List/Pods-Today List-frameworks-${CONFIGURATION}-output-files.xcfilelist",
			);
			runOnlyForDeploymentPostprocessing = 0;
			shellPath = /bin/sh;
			shellScript = "\"${PODS_ROOT}/Target Support Files/Pods-Today List/Pods-Today List-frameworks.sh\"\n";
			showEnvVarsInLog = 0;
		};
		DE66AC3436A3F7E2975132E2 /* [CP] Check Pods Manifest.lock */ = {
			isa = PBXShellScriptBuildPhase;
			buildActionMask = 2147483647;
			files = (
			);
			inputFileListPaths = (
			);
			inputPaths = (
				"${PODS_PODFILE_DIR_PATH}/Podfile.lock",
				"${PODS_ROOT}/Manifest.lock",
			);
			name = "[CP] Check Pods Manifest.lock";
			outputFileListPaths = (
			);
			outputPaths = (
				"$(DERIVED_FILE_DIR)/Pods-Today List-checkManifestLockResult.txt",
			);
			runOnlyForDeploymentPostprocessing = 0;
			shellPath = /bin/sh;
			shellScript = "diff \"${PODS_PODFILE_DIR_PATH}/Podfile.lock\" \"${PODS_ROOT}/Manifest.lock\" > /dev/null\nif [ $? != 0 ] ; then\n    # print error to STDERR\n    echo \"error: The sandbox is not in sync with the Podfile.lock. Run 'pod install' or update your CocoaPods installation.\" >&2\n    exit 1\nfi\n# This output is used by Xcode 'outputs' to avoid re-running this script phase.\necho \"SUCCESS\" > \"${SCRIPT_OUTPUT_FILE_0}\"\n";
			showEnvVarsInLog = 0;
		};
/* End PBXShellScriptBuildPhase section */

/* Begin PBXSourcesBuildPhase section */
		CD13B71624BE2F4000AC0968 /* Sources */ = {
			isa = PBXSourcesBuildPhase;
			buildActionMask = 2147483647;
			files = (
				CD66992224D62F11007BC2C9 /* FInderViewController.swift in Sources */,
				CD13B73A24BF734800AC0968 /* TypeOfItemTableViewController.swift in Sources */,
				CD3ADB1D24CA51CE0086955A /* CatageoryType.swift in Sources */,
				CD13B71E24BE2F4000AC0968 /* AppDelegate.swift in Sources */,
				CD3ADB1F24CA51ED0086955A /* ListToDO.swift in Sources */,
				CD66992624D64F3E007BC2C9 /* Inceptionv3.mlmodel in Sources */,
				CD13B72024BE2F4000AC0968 /* SceneDelegate.swift in Sources */,
				CD66992424D62F36007BC2C9 /* MainViewController.swift in Sources */,
				CD13B73824BE318700AC0968 /* ListToDOTableViewController.swift in Sources */,
				CDFAB65524C536330007E2C6 /* SwipeViewTableViewController.swift in Sources */,
			);
			runOnlyForDeploymentPostprocessing = 0;
		};
/* End PBXSourcesBuildPhase section */

/* Begin PBXVariantGroup section */
		CD13B72324BE2F4000AC0968 /* Main.storyboard */ = {
			isa = PBXVariantGroup;
			children = (
				CD13B72424BE2F4000AC0968 /* Base */,
			);
			name = Main.storyboard;
			sourceTree = "<group>";
		};
		CD13B72B24BE2F4100AC0968 /* LaunchScreen.storyboard */ = {
			isa = PBXVariantGroup;
			children = (
				CD13B72C24BE2F4100AC0968 /* Base */,
			);
			name = LaunchScreen.storyboard;
			sourceTree = "<group>";
		};
/* End PBXVariantGroup section */

/* Begin XCBuildConfiguration section */
		CD13B72F24BE2F4100AC0968 /* Debug */ = {
			isa = XCBuildConfiguration;
			buildSettings = {
				ALWAYS_SEARCH_USER_PATHS = NO;
				CLANG_ANALYZER_NONNULL = YES;
				CLANG_ANALYZER_NUMBER_OBJECT_CONVERSION = YES_AGGRESSIVE;
				CLANG_CXX_LANGUAGE_STANDARD = "gnu++14";
				CLANG_CXX_LIBRARY = "libc++";
				CLANG_ENABLE_MODULES = YES;
				CLANG_ENABLE_OBJC_ARC = YES;
				CLANG_ENABLE_OBJC_WEAK = YES;
				CLANG_WARN_BLOCK_CAPTURE_AUTORELEASING = YES;
				CLANG_WARN_BOOL_CONVERSION = YES;
				CLANG_WARN_COMMA = YES;
				CLANG_WARN_CONSTANT_CONVERSION = YES;
				CLANG_WARN_DEPRECATED_OBJC_IMPLEMENTATIONS = YES;
				CLANG_WARN_DIRECT_OBJC_ISA_USAGE = YES_ERROR;
				CLANG_WARN_DOCUMENTATION_COMMENTS = YES;
				CLANG_WARN_EMPTY_BODY = YES;
				CLANG_WARN_ENUM_CONVERSION = YES;
				CLANG_WARN_INFINITE_RECURSION = YES;
				CLANG_WARN_INT_CONVERSION = YES;
				CLANG_WARN_NON_LITERAL_NULL_CONVERSION = YES;
				CLANG_WARN_OBJC_IMPLICIT_RETAIN_SELF = YES;
				CLANG_WARN_OBJC_LITERAL_CONVERSION = YES;
				CLANG_WARN_OBJC_ROOT_CLASS = YES_ERROR;
				CLANG_WARN_RANGE_LOOP_ANALYSIS = YES;
				CLANG_WARN_STRICT_PROTOTYPES = YES;
				CLANG_WARN_SUSPICIOUS_MOVE = YES;
				CLANG_WARN_UNGUARDED_AVAILABILITY = YES_AGGRESSIVE;
				CLANG_WARN_UNREACHABLE_CODE = YES;
				CLANG_WARN__DUPLICATE_METHOD_MATCH = YES;
				COPY_PHASE_STRIP = NO;
				DEBUG_INFORMATION_FORMAT = dwarf;
				ENABLE_STRICT_OBJC_MSGSEND = YES;
				ENABLE_TESTABILITY = YES;
				GCC_C_LANGUAGE_STANDARD = gnu11;
				GCC_DYNAMIC_NO_PIC = NO;
				GCC_NO_COMMON_BLOCKS = YES;
				GCC_OPTIMIZATION_LEVEL = 0;
				GCC_PREPROCESSOR_DEFINITIONS = (
					"DEBUG=1",
					"$(inherited)",
				);
				GCC_WARN_64_TO_32_BIT_CONVERSION = YES;
				GCC_WARN_ABOUT_RETURN_TYPE = YES_ERROR;
				GCC_WARN_UNDECLARED_SELECTOR = YES;
				GCC_WARN_UNINITIALIZED_AUTOS = YES_AGGRESSIVE;
				GCC_WARN_UNUSED_FUNCTION = YES;
				GCC_WARN_UNUSED_VARIABLE = YES;
				IPHONEOS_DEPLOYMENT_TARGET = 13.5;
				MTL_ENABLE_DEBUG_INFO = INCLUDE_SOURCE;
				MTL_FAST_MATH = YES;
				ONLY_ACTIVE_ARCH = YES;
				SDKROOT = iphoneos;
				SWIFT_ACTIVE_COMPILATION_CONDITIONS = DEBUG;
				SWIFT_OPTIMIZATION_LEVEL = "-Onone";
			};
			name = Debug;
		};
		CD13B73024BE2F4100AC0968 /* Release */ = {
			isa = XCBuildConfiguration;
			buildSettings = {
				ALWAYS_SEARCH_USER_PATHS = NO;
				CLANG_ANALYZER_NONNULL = YES;
				CLANG_ANALYZER_NUMBER_OBJECT_CONVERSION = YES_AGGRESSIVE;
				CLANG_CXX_LANGUAGE_STANDARD = "gnu++14";
				CLANG_CXX_LIBRARY = "libc++";
				CLANG_ENABLE_MODULES = YES;
				CLANG_ENABLE_OBJC_ARC = YES;
				CLANG_ENABLE_OBJC_WEAK = YES;
				CLANG_WARN_BLOCK_CAPTURE_AUTORELEASING = YES;
				CLANG_WARN_BOOL_CONVERSION = YES;
				CLANG_WARN_COMMA = YES;
				CLANG_WARN_CONSTANT_CONVERSION = YES;
				CLANG_WARN_DEPRECATED_OBJC_IMPLEMENTATIONS = YES;
				CLANG_WARN_DIRECT_OBJC_ISA_USAGE = YES_ERROR;
				CLANG_WARN_DOCUMENTATION_COMMENTS = YES;
				CLANG_WARN_EMPTY_BODY = YES;
				CLANG_WARN_ENUM_CONVERSION = YES;
				CLANG_WARN_INFINITE_RECURSION = YES;
				CLANG_WARN_INT_CONVERSION = YES;
				CLANG_WARN_NON_LITERAL_NULL_CONVERSION = YES;
				CLANG_WARN_OBJC_IMPLICIT_RETAIN_SELF = YES;
				CLANG_WARN_OBJC_LITERAL_CONVERSION = YES;
				CLANG_WARN_OBJC_ROOT_CLASS = YES_ERROR;
				CLANG_WARN_RANGE_LOOP_ANALYSIS = YES;
				CLANG_WARN_STRICT_PROTOTYPES = YES;
				CLANG_WARN_SUSPICIOUS_MOVE = YES;
				CLANG_WARN_UNGUARDED_AVAILABILITY = YES_AGGRESSIVE;
				CLANG_WARN_UNREACHABLE_CODE = YES;
				CLANG_WARN__DUPLICATE_METHOD_MATCH = YES;
				COPY_PHASE_STRIP = NO;
				DEBUG_INFORMATION_FORMAT = "dwarf-with-dsym";
				ENABLE_NS_ASSERTIONS = NO;
				ENABLE_STRICT_OBJC_MSGSEND = YES;
				GCC_C_LANGUAGE_STANDARD = gnu11;
				GCC_NO_COMMON_BLOCKS = YES;
				GCC_WARN_64_TO_32_BIT_CONVERSION = YES;
				GCC_WARN_ABOUT_RETURN_TYPE = YES_ERROR;
				GCC_WARN_UNDECLARED_SELECTOR = YES;
				GCC_WARN_UNINITIALIZED_AUTOS = YES_AGGRESSIVE;
				GCC_WARN_UNUSED_FUNCTION = YES;
				GCC_WARN_UNUSED_VARIABLE = YES;
				IPHONEOS_DEPLOYMENT_TARGET = 13.5;
				MTL_ENABLE_DEBUG_INFO = NO;
				MTL_FAST_MATH = YES;
				SDKROOT = iphoneos;
				SWIFT_COMPILATION_MODE = wholemodule;
				SWIFT_OPTIMIZATION_LEVEL = "-O";
				VALIDATE_PRODUCT = YES;
			};
			name = Release;
		};
		CD13B73224BE2F4100AC0968 /* Debug */ = {
			isa = XCBuildConfiguration;
			baseConfigurationReference = E6B7CA722B92165ECA108761 /* Pods-Today List.debug.xcconfig */;
			buildSettings = {
				ASSETCATALOG_COMPILER_APPICON_NAME = AppIcon;
				CODE_SIGN_STYLE = Automatic;
				DEVELOPMENT_TEAM = T985Y4446G;
				INFOPLIST_FILE = "Today List/Info.plist";
				LD_RUNPATH_SEARCH_PATHS = (
					"$(inherited)",
					"@executable_path/Frameworks",
				);
				PRODUCT_BUNDLE_IDENTIFIER = "paperwoods.sojo.todaylist.Today-List";
				PRODUCT_NAME = "$(TARGET_NAME)";
				SWIFT_VERSION = 5.0;
				TARGETED_DEVICE_FAMILY = "1,2";
			};
			name = Debug;
		};
		CD13B73324BE2F4100AC0968 /* Release */ = {
			isa = XCBuildConfiguration;
			baseConfigurationReference = 48E822CB44956EA1CE6E55EE /* Pods-Today List.release.xcconfig */;
			buildSettings = {
				ASSETCATALOG_COMPILER_APPICON_NAME = AppIcon;
				CODE_SIGN_STYLE = Automatic;
				DEVELOPMENT_TEAM = T985Y4446G;
				INFOPLIST_FILE = "Today List/Info.plist";
				LD_RUNPATH_SEARCH_PATHS = (
					"$(inherited)",
					"@executable_path/Frameworks",
				);
				PRODUCT_BUNDLE_IDENTIFIER = "paperwoods.sojo.todaylist.Today-List";
				PRODUCT_NAME = "$(TARGET_NAME)";
				SWIFT_VERSION = 5.0;
				TARGETED_DEVICE_FAMILY = "1,2";
			};
			name = Release;
		};
/* End XCBuildConfiguration section */

/* Begin XCConfigurationList section */
		CD13B71524BE2F4000AC0968 /* Build configuration list for PBXProject "Today List" */ = {
			isa = XCConfigurationList;
			buildConfigurations = (
				CD13B72F24BE2F4100AC0968 /* Debug */,
				CD13B73024BE2F4100AC0968 /* Release */,
			);
			defaultConfigurationIsVisible = 0;
			defaultConfigurationName = Release;
		};
		CD13B73124BE2F4100AC0968 /* Build configuration list for PBXNativeTarget "Today List" */ = {
			isa = XCConfigurationList;
			buildConfigurations = (
				CD13B73224BE2F4100AC0968 /* Debug */,
				CD13B73324BE2F4100AC0968 /* Release */,
			);
			defaultConfigurationIsVisible = 0;
			defaultConfigurationName = Release;
		};
/* End XCConfigurationList section */
	};
	rootObject = CD13B71224BE2F4000AC0968 /* Project object */;
}
